// !$*UTF8*$!
{
	archiveVersion = 1;
	classes = {
	};
	objectVersion = 50;
	objects = {

/* Begin PBXBuildFile section */
		040F609D2705EC0C00CE09CE /* AppDelegate.swift in Sources */ = {isa = PBXBuildFile; fileRef = 040F609C2705EC0C00CE09CE /* AppDelegate.swift */; };
		040F609F2705EC0C00CE09CE /* SceneDelegate.swift in Sources */ = {isa = PBXBuildFile; fileRef = 040F609E2705EC0C00CE09CE /* SceneDelegate.swift */; };
		040F60A12705EC0C00CE09CE /* UserListViewController.swift in Sources */ = {isa = PBXBuildFile; fileRef = 040F60A02705EC0C00CE09CE /* UserListViewController.swift */; };
		040F60A42705EC0C00CE09CE /* Main.storyboard in Resources */ = {isa = PBXBuildFile; fileRef = 040F60A22705EC0C00CE09CE /* Main.storyboard */; };
		040F60A62705EC0D00CE09CE /* Assets.xcassets in Resources */ = {isa = PBXBuildFile; fileRef = 040F60A52705EC0D00CE09CE /* Assets.xcassets */; };
		040F60A92705EC0D00CE09CE /* LaunchScreen.storyboard in Resources */ = {isa = PBXBuildFile; fileRef = 040F60A72705EC0D00CE09CE /* LaunchScreen.storyboard */; };
		040F60BD2705EEEC00CE09CE /* NetworkServiceHandler.swift in Sources */ = {isa = PBXBuildFile; fileRef = 040F60B82705EEEC00CE09CE /* NetworkServiceHandler.swift */; };
		040F60BE2705EEEC00CE09CE /* HTTPMethod.swift in Sources */ = {isa = PBXBuildFile; fileRef = 040F60B92705EEEC00CE09CE /* HTTPMethod.swift */; };
		040F60BF2705EEEC00CE09CE /* Route.swift in Sources */ = {isa = PBXBuildFile; fileRef = 040F60BA2705EEEC00CE09CE /* Route.swift */; };
		040F60C02705EEEC00CE09CE /* InputValidationService.swift in Sources */ = {isa = PBXBuildFile; fileRef = 040F60BB2705EEEC00CE09CE /* InputValidationService.swift */; };
		040F60C12705EEEC00CE09CE /* LocalErrors.swift in Sources */ = {isa = PBXBuildFile; fileRef = 040F60BC2705EEEC00CE09CE /* LocalErrors.swift */; };
		040F60C42705F5A100CE09CE /* User.swift in Sources */ = {isa = PBXBuildFile; fileRef = 040F60C32705F5A100CE09CE /* User.swift */; };
		040F60C72705F97300CE09CE /* UsersViewModel.swift in Sources */ = {isa = PBXBuildFile; fileRef = 040F60C62705F97300CE09CE /* UsersViewModel.swift */; };
		040F60CA2706019D00CE09CE /* UIViewController+Extension.swift in Sources */ = {isa = PBXBuildFile; fileRef = 040F60C92706019D00CE09CE /* UIViewController+Extension.swift */; };
		0433AE12270895C1008AC66E /* typicode.root.cer in Resources */ = {isa = PBXBuildFile; fileRef = 0433AE10270895C1008AC66E /* typicode.root.cer */; };
		0433AE13270895C1008AC66E /* typicode.intermediate.cer in Resources */ = {isa = PBXBuildFile; fileRef = 0433AE11270895C1008AC66E /* typicode.intermediate.cer */; };
		04910813272EDDEA009ABC6B /* NetworkService.swift in Sources */ = {isa = PBXBuildFile; fileRef = 04910812272EDDEA009ABC6B /* NetworkService.swift */; };
		04D817992706E84B003C4255 /* typicode.leaf.cer in Resources */ = {isa = PBXBuildFile; fileRef = 04D817982706E84B003C4255 /* typicode.leaf.cer */; };
		04D8179D2706EB64003C4255 /* PostDetail.swift in Sources */ = {isa = PBXBuildFile; fileRef = 04D8179C2706EB64003C4255 /* PostDetail.swift */; };
/* End PBXBuildFile section */

/* Begin PBXFileReference section */
		040F60992705EC0C00CE09CE /* SSL-Pinning-For-URLSession.app */ = {isa = PBXFileReference; explicitFileType = wrapper.application; includeInIndex = 0; path = "SSL-Pinning-For-URLSession.app"; sourceTree = BUILT_PRODUCTS_DIR; };
		040F609C2705EC0C00CE09CE /* AppDelegate.swift */ = {isa = PBXFileReference; lastKnownFileType = sourcecode.swift; path = AppDelegate.swift; sourceTree = "<group>"; };
		040F609E2705EC0C00CE09CE /* SceneDelegate.swift */ = {isa = PBXFileReference; lastKnownFileType = sourcecode.swift; path = SceneDelegate.swift; sourceTree = "<group>"; };
		040F60A02705EC0C00CE09CE /* UserListViewController.swift */ = {isa = PBXFileReference; lastKnownFileType = sourcecode.swift; path = UserListViewController.swift; sourceTree = "<group>"; };
		040F60A32705EC0C00CE09CE /* Base */ = {isa = PBXFileReference; lastKnownFileType = file.storyboard; name = Base; path = Base.lproj/Main.storyboard; sourceTree = "<group>"; };
		040F60A52705EC0D00CE09CE /* Assets.xcassets */ = {isa = PBXFileReference; lastKnownFileType = folder.assetcatalog; path = Assets.xcassets; sourceTree = "<group>"; };
		040F60A82705EC0D00CE09CE /* Base */ = {isa = PBXFileReference; lastKnownFileType = file.storyboard; name = Base; path = Base.lproj/LaunchScreen.storyboard; sourceTree = "<group>"; };
		040F60AA2705EC0D00CE09CE /* Info.plist */ = {isa = PBXFileReference; lastKnownFileType = text.plist.xml; path = Info.plist; sourceTree = "<group>"; };
		040F60B82705EEEC00CE09CE /* NetworkServiceHandler.swift */ = {isa = PBXFileReference; fileEncoding = 4; lastKnownFileType = sourcecode.swift; path = NetworkServiceHandler.swift; sourceTree = "<group>"; };
		040F60B92705EEEC00CE09CE /* HTTPMethod.swift */ = {isa = PBXFileReference; fileEncoding = 4; lastKnownFileType = sourcecode.swift; path = HTTPMethod.swift; sourceTree = "<group>"; };
		040F60BA2705EEEC00CE09CE /* Route.swift */ = {isa = PBXFileReference; fileEncoding = 4; lastKnownFileType = sourcecode.swift; path = Route.swift; sourceTree = "<group>"; };
		040F60BB2705EEEC00CE09CE /* InputValidationService.swift */ = {isa = PBXFileReference; fileEncoding = 4; lastKnownFileType = sourcecode.swift; path = InputValidationService.swift; sourceTree = "<group>"; };
		040F60BC2705EEEC00CE09CE /* LocalErrors.swift */ = {isa = PBXFileReference; fileEncoding = 4; lastKnownFileType = sourcecode.swift; path = LocalErrors.swift; sourceTree = "<group>"; };
		040F60C32705F5A100CE09CE /* User.swift */ = {isa = PBXFileReference; lastKnownFileType = sourcecode.swift; path = User.swift; sourceTree = "<group>"; };
		040F60C62705F97300CE09CE /* UsersViewModel.swift */ = {isa = PBXFileReference; lastKnownFileType = sourcecode.swift; path = UsersViewModel.swift; sourceTree = "<group>"; };
		040F60C92706019D00CE09CE /* UIViewController+Extension.swift */ = {isa = PBXFileReference; lastKnownFileType = sourcecode.swift; path = "UIViewController+Extension.swift"; sourceTree = "<group>"; };
		0433AE10270895C1008AC66E /* typicode.root.cer */ = {isa = PBXFileReference; lastKnownFileType = file; path = typicode.root.cer; sourceTree = "<group>"; };
		0433AE11270895C1008AC66E /* typicode.intermediate.cer */ = {isa = PBXFileReference; lastKnownFileType = file; path = typicode.intermediate.cer; sourceTree = "<group>"; };
		04910812272EDDEA009ABC6B /* NetworkService.swift */ = {isa = PBXFileReference; lastKnownFileType = sourcecode.swift; path = NetworkService.swift; sourceTree = "<group>"; };
		04D817982706E84B003C4255 /* typicode.leaf.cer */ = {isa = PBXFileReference; lastKnownFileType = file; path = typicode.leaf.cer; sourceTree = "<group>"; };
		04D8179C2706EB64003C4255 /* PostDetail.swift */ = {isa = PBXFileReference; lastKnownFileType = sourcecode.swift; path = PostDetail.swift; sourceTree = "<group>"; };
/* End PBXFileReference section */

/* Begin PBXFrameworksBuildPhase section */
		040F60962705EC0C00CE09CE /* Frameworks */ = {
			isa = PBXFrameworksBuildPhase;
			buildActionMask = 2147483647;
			files = (
			);
			runOnlyForDeploymentPostprocessing = 0;
		};
/* End PBXFrameworksBuildPhase section */

/* Begin PBXGroup section */
		040F60902705EC0C00CE09CE = {
			isa = PBXGroup;
			children = (
				040F609B2705EC0C00CE09CE /* SSL-Pinning-For-URLSession */,
				040F609A2705EC0C00CE09CE /* Products */,
			);
			sourceTree = "<group>";
		};
		040F609A2705EC0C00CE09CE /* Products */ = {
			isa = PBXGroup;
			children = (
				040F60992705EC0C00CE09CE /* SSL-Pinning-For-URLSession.app */,
			);
			name = Products;
			sourceTree = "<group>";
		};
		040F609B2705EC0C00CE09CE /* SSL-Pinning-For-URLSession */ = {
			isa = PBXGroup;
			children = (
				040F60C82706012E00CE09CE /* Extension */,
				040F60C52705F92500CE09CE /* ViewModel */,
				040F60C22705F58200CE09CE /* Model */,
				040F60B62705EEEC00CE09CE /* Service */,
				040F60B02705EC2200CE09CE /* Delegate */,
				040F60B32705ECCD00CE09CE /* Controller */,
				040F60B22705ECB800CE09CE /* Storyboard */,
				040F60B12705EC5500CE09CE /* Global */,
			);
			path = "SSL-Pinning-For-URLSession";
			sourceTree = "<group>";
		};
		040F60B02705EC2200CE09CE /* Delegate */ = {
			isa = PBXGroup;
			children = (
				040F609C2705EC0C00CE09CE /* AppDelegate.swift */,
				040F609E2705EC0C00CE09CE /* SceneDelegate.swift */,
			);
			path = Delegate;
			sourceTree = "<group>";
		};
		040F60B12705EC5500CE09CE /* Global */ = {
			isa = PBXGroup;
			children = (
				0433AE10270895C1008AC66E /* typicode.root.cer */,
				0433AE11270895C1008AC66E /* typicode.intermediate.cer */,
				04D817982706E84B003C4255 /* typicode.leaf.cer */,
				040F60A52705EC0D00CE09CE /* Assets.xcassets */,
				040F60A72705EC0D00CE09CE /* LaunchScreen.storyboard */,
				040F60AA2705EC0D00CE09CE /* Info.plist */,
			);
			path = Global;
			sourceTree = "<group>";
		};
		040F60B22705ECB800CE09CE /* Storyboard */ = {
			isa = PBXGroup;
			children = (
				040F60A22705EC0C00CE09CE /* Main.storyboard */,
			);
			path = Storyboard;
			sourceTree = "<group>";
		};
		040F60B32705ECCD00CE09CE /* Controller */ = {
			isa = PBXGroup;
			children = (
				040F60A02705EC0C00CE09CE /* UserListViewController.swift */,
			);
			path = Controller;
			sourceTree = "<group>";
		};
		040F60B62705EEEC00CE09CE /* Service */ = {
			isa = PBXGroup;
			children = (
				040F60B72705EEEC00CE09CE /* Network Service */,
				04910811272EDCC7009ABC6B /* Input Validation */,
				04910812272EDDEA009ABC6B /* NetworkService.swift */,
			);
			path = Service;
			sourceTree = "<group>";
		};
		040F60B72705EEEC00CE09CE /* Network Service */ = {
			isa = PBXGroup;
			children = (
				040F60B82705EEEC00CE09CE /* NetworkServiceHandler.swift */,
				040F60B92705EEEC00CE09CE /* HTTPMethod.swift */,
				040F60BA2705EEEC00CE09CE /* Route.swift */,
			);
			path = "Network Service";
			sourceTree = "<group>";
		};
		040F60C22705F58200CE09CE /* Model */ = {
			isa = PBXGroup;
			children = (
				040F60C32705F5A100CE09CE /* User.swift */,
				04D8179C2706EB64003C4255 /* PostDetail.swift */,
			);
			path = Model;
			sourceTree = "<group>";
		};
		040F60C52705F92500CE09CE /* ViewModel */ = {
			isa = PBXGroup;
			children = (
				040F60C62705F97300CE09CE /* UsersViewModel.swift */,
			);
			path = ViewModel;
			sourceTree = "<group>";
		};
		040F60C82706012E00CE09CE /* Extension */ = {
			isa = PBXGroup;
			children = (
				040F60C92706019D00CE09CE /* UIViewController+Extension.swift */,
			);
			path = Extension;
			sourceTree = "<group>";
		};
		04910811272EDCC7009ABC6B /* Input Validation */ = {
			isa = PBXGroup;
			children = (
				040F60BB2705EEEC00CE09CE /* InputValidationService.swift */,
				040F60BC2705EEEC00CE09CE /* LocalErrors.swift */,
			);
			path = "Input Validation";
			sourceTree = "<group>";
		};
/* End PBXGroup section */

/* Begin PBXNativeTarget section */
		040F60982705EC0C00CE09CE /* SSL-Pinning-For-URLSession */ = {
			isa = PBXNativeTarget;
			buildConfigurationList = 040F60AD2705EC0D00CE09CE /* Build configuration list for PBXNativeTarget "SSL-Pinning-For-URLSession" */;
			buildPhases = (
				040F60952705EC0C00CE09CE /* Sources */,
				040F60962705EC0C00CE09CE /* Frameworks */,
				040F60972705EC0C00CE09CE /* Resources */,
			);
			buildRules = (
			);
			dependencies = (
			);
			name = "SSL-Pinning-For-URLSession";
			productName = "SSL-Pinning-For-URLSession";
			productReference = 040F60992705EC0C00CE09CE /* SSL-Pinning-For-URLSession.app */;
			productType = "com.apple.product-type.application";
		};
/* End PBXNativeTarget section */

/* Begin PBXProject section */
		040F60912705EC0C00CE09CE /* Project object */ = {
			isa = PBXProject;
			attributes = {
				LastSwiftUpdateCheck = 1250;
				LastUpgradeCheck = 1250;
				TargetAttributes = {
					040F60982705EC0C00CE09CE = {
						CreatedOnToolsVersion = 12.5.1;
					};
				};
			};
			buildConfigurationList = 040F60942705EC0C00CE09CE /* Build configuration list for PBXProject "SSL-Pinning-For-URLSession" */;
			compatibilityVersion = "Xcode 9.3";
			developmentRegion = en;
			hasScannedForEncodings = 0;
			knownRegions = (
				en,
				Base,
			);
			mainGroup = 040F60902705EC0C00CE09CE;
			productRefGroup = 040F609A2705EC0C00CE09CE /* Products */;
			projectDirPath = "";
			projectRoot = "";
			targets = (
				040F60982705EC0C00CE09CE /* SSL-Pinning-For-URLSession */,
			);
		};
/* End PBXProject section */

/* Begin PBXResourcesBuildPhase section */
		040F60972705EC0C00CE09CE /* Resources */ = {
			isa = PBXResourcesBuildPhase;
			buildActionMask = 2147483647;
			files = (
				040F60A92705EC0D00CE09CE /* LaunchScreen.storyboard in Resources */,
				04D817992706E84B003C4255 /* typicode.leaf.cer in Resources */,
				040F60A62705EC0D00CE09CE /* Assets.xcassets in Resources */,
				0433AE13270895C1008AC66E /* typicode.intermediate.cer in Resources */,
				0433AE12270895C1008AC66E /* typicode.root.cer in Resources */,
				040F60A42705EC0C00CE09CE /* Main.storyboard in Resources */,
			);
			runOnlyForDeploymentPostprocessing = 0;
		};
/* End PBXResourcesBuildPhase section */

/* Begin PBXSourcesBuildPhase section */
		040F60952705EC0C00CE09CE /* Sources */ = {
			isa = PBXSourcesBuildPhase;
			buildActionMask = 2147483647;
			files = (
				040F60A12705EC0C00CE09CE /* UserListViewController.swift in Sources */,
				040F60CA2706019D00CE09CE /* UIViewController+Extension.swift in Sources */,
				040F609D2705EC0C00CE09CE /* AppDelegate.swift in Sources */,
				040F60C02705EEEC00CE09CE /* InputValidationService.swift in Sources */,
				040F60BD2705EEEC00CE09CE /* NetworkServiceHandler.swift in Sources */,
				040F60C12705EEEC00CE09CE /* LocalErrors.swift in Sources */,
				040F60C42705F5A100CE09CE /* User.swift in Sources */,
				040F60BF2705EEEC00CE09CE /* Route.swift in Sources */,
				04D8179D2706EB64003C4255 /* PostDetail.swift in Sources */,
				040F60BE2705EEEC00CE09CE /* HTTPMethod.swift in Sources */,
				040F609F2705EC0C00CE09CE /* SceneDelegate.swift in Sources */,
				04910813272EDDEA009ABC6B /* NetworkService.swift in Sources */,
				040F60C72705F97300CE09CE /* UsersViewModel.swift in Sources */,
			);
			runOnlyForDeploymentPostprocessing = 0;
		};
/* End PBXSourcesBuildPhase section */

/* Begin PBXVariantGroup section */
		040F60A22705EC0C00CE09CE /* Main.storyboard */ = {
			isa = PBXVariantGroup;
			children = (
				040F60A32705EC0C00CE09CE /* Base */,
			);
			name = Main.storyboard;
			sourceTree = "<group>";
		};
		040F60A72705EC0D00CE09CE /* LaunchScreen.storyboard */ = {
			isa = PBXVariantGroup;
			children = (
				040F60A82705EC0D00CE09CE /* Base */,
			);
			name = LaunchScreen.storyboard;
			sourceTree = "<group>";
		};
/* End PBXVariantGroup section */

/* Begin XCBuildConfiguration section */
		040F60AB2705EC0D00CE09CE /* Debug */ = {
			isa = XCBuildConfiguration;
			buildSettings = {
				ALWAYS_SEARCH_USER_PATHS = NO;
				CLANG_ANALYZER_NONNULL = YES;
				CLANG_ANALYZER_NUMBER_OBJECT_CONVERSION = YES_AGGRESSIVE;
				CLANG_CXX_LANGUAGE_STANDARD = "gnu++14";
				CLANG_CXX_LIBRARY = "libc++";
				CLANG_ENABLE_MODULES = YES;
				CLANG_ENABLE_OBJC_ARC = YES;
				CLANG_ENABLE_OBJC_WEAK = YES;
				CLANG_WARN_BLOCK_CAPTURE_AUTORELEASING = YES;
				CLANG_WARN_BOOL_CONVERSION = YES;
				CLANG_WARN_COMMA = YES;
				CLANG_WARN_CONSTANT_CONVERSION = YES;
				CLANG_WARN_DEPRECATED_OBJC_IMPLEMENTATIONS = YES;
				CLANG_WARN_DIRECT_OBJC_ISA_USAGE = YES_ERROR;
				CLANG_WARN_DOCUMENTATION_COMMENTS = YES;
				CLANG_WARN_EMPTY_BODY = YES;
				CLANG_WARN_ENUM_CONVERSION = YES;
				CLANG_WARN_INFINITE_RECURSION = YES;
				CLANG_WARN_INT_CONVERSION = YES;
				CLANG_WARN_NON_LITERAL_NULL_CONVERSION = YES;
				CLANG_WARN_OBJC_IMPLICIT_RETAIN_SELF = YES;
				CLANG_WARN_OBJC_LITERAL_CONVERSION = YES;
				CLANG_WARN_OBJC_ROOT_CLASS = YES_ERROR;
				CLANG_WARN_QUOTED_INCLUDE_IN_FRAMEWORK_HEADER = YES;
				CLANG_WARN_RANGE_LOOP_ANALYSIS = YES;
				CLANG_WARN_STRICT_PROTOTYPES = YES;
				CLANG_WARN_SUSPICIOUS_MOVE = YES;
				CLANG_WARN_UNGUARDED_AVAILABILITY = YES_AGGRESSIVE;
				CLANG_WARN_UNREACHABLE_CODE = YES;
				CLANG_WARN__DUPLICATE_METHOD_MATCH = YES;
				COPY_PHASE_STRIP = NO;
				DEBUG_INFORMATION_FORMAT = dwarf;
				ENABLE_STRICT_OBJC_MSGSEND = YES;
				ENABLE_TESTABILITY = YES;
				GCC_C_LANGUAGE_STANDARD = gnu11;
				GCC_DYNAMIC_NO_PIC = NO;
				GCC_NO_COMMON_BLOCKS = YES;
				GCC_OPTIMIZATION_LEVEL = 0;
				GCC_PREPROCESSOR_DEFINITIONS = (
					"DEBUG=1",
					"$(inherited)",
				);
				GCC_WARN_64_TO_32_BIT_CONVERSION = YES;
				GCC_WARN_ABOUT_RETURN_TYPE = YES_ERROR;
				GCC_WARN_UNDECLARED_SELECTOR = YES;
				GCC_WARN_UNINITIALIZED_AUTOS = YES_AGGRESSIVE;
				GCC_WARN_UNUSED_FUNCTION = YES;
				GCC_WARN_UNUSED_VARIABLE = YES;
				IPHONEOS_DEPLOYMENT_TARGET = 14.5;
				MTL_ENABLE_DEBUG_INFO = INCLUDE_SOURCE;
				MTL_FAST_MATH = YES;
				ONLY_ACTIVE_ARCH = YES;
				SDKROOT = iphoneos;
				SWIFT_ACTIVE_COMPILATION_CONDITIONS = DEBUG;
				SWIFT_OPTIMIZATION_LEVEL = "-Onone";
			};
			name = Debug;
		};
		040F60AC2705EC0D00CE09CE /* Release */ = {
			isa = XCBuildConfiguration;
			buildSettings = {
				ALWAYS_SEARCH_USER_PATHS = NO;
				CLANG_ANALYZER_NONNULL = YES;
				CLANG_ANALYZER_NUMBER_OBJECT_CONVERSION = YES_AGGRESSIVE;
				CLANG_CXX_LANGUAGE_STANDARD = "gnu++14";
				CLANG_CXX_LIBRARY = "libc++";
				CLANG_ENABLE_MODULES = YES;
				CLANG_ENABLE_OBJC_ARC = YES;
				CLANG_ENABLE_OBJC_WEAK = YES;
				CLANG_WARN_BLOCK_CAPTURE_AUTORELEASING = YES;
				CLANG_WARN_BOOL_CONVERSION = YES;
				CLANG_WARN_COMMA = YES;
				CLANG_WARN_CONSTANT_CONVERSION = YES;
				CLANG_WARN_DEPRECATED_OBJC_IMPLEMENTATIONS = YES;
				CLANG_WARN_DIRECT_OBJC_ISA_USAGE = YES_ERROR;
				CLANG_WARN_DOCUMENTATION_COMMENTS = YES;
				CLANG_WARN_EMPTY_BODY = YES;
				CLANG_WARN_ENUM_CONVERSION = YES;
				CLANG_WARN_INFINITE_RECURSION = YES;
				CLANG_WARN_INT_CONVERSION = YES;
				CLANG_WARN_NON_LITERAL_NULL_CONVERSION = YES;
				CLANG_WARN_OBJC_IMPLICIT_RETAIN_SELF = YES;
				CLANG_WARN_OBJC_LITERAL_CONVERSION = YES;
				CLANG_WARN_OBJC_ROOT_CLASS = YES_ERROR;
				CLANG_WARN_QUOTED_INCLUDE_IN_FRAMEWORK_HEADER = YES;
				CLANG_WARN_RANGE_LOOP_ANALYSIS = YES;
				CLANG_WARN_STRICT_PROTOTYPES = YES;
				CLANG_WARN_SUSPICIOUS_MOVE = YES;
				CLANG_WARN_UNGUARDED_AVAILABILITY = YES_AGGRESSIVE;
				CLANG_WARN_UNREACHABLE_CODE = YES;
				CLANG_WARN__DUPLICATE_METHOD_MATCH = YES;
				COPY_PHASE_STRIP = NO;
				DEBUG_INFORMATION_FORMAT = "dwarf-with-dsym";
				ENABLE_NS_ASSERTIONS = NO;
				ENABLE_STRICT_OBJC_MSGSEND = YES;
				GCC_C_LANGUAGE_STANDARD = gnu11;
				GCC_NO_COMMON_BLOCKS = YES;
				GCC_WARN_64_TO_32_BIT_CONVERSION = YES;
				GCC_WARN_ABOUT_RETURN_TYPE = YES_ERROR;
				GCC_WARN_UNDECLARED_SELECTOR = YES;
				GCC_WARN_UNINITIALIZED_AUTOS = YES_AGGRESSIVE;
				GCC_WARN_UNUSED_FUNCTION = YES;
				GCC_WARN_UNUSED_VARIABLE = YES;
				IPHONEOS_DEPLOYMENT_TARGET = 14.5;
				MTL_ENABLE_DEBUG_INFO = NO;
				MTL_FAST_MATH = YES;
				SDKROOT = iphoneos;
				SWIFT_COMPILATION_MODE = wholemodule;
				SWIFT_OPTIMIZATION_LEVEL = "-O";
				VALIDATE_PRODUCT = YES;
			};
			name = Release;
		};
		040F60AE2705EC0D00CE09CE /* Debug */ = {
			isa = XCBuildConfiguration;
			buildSettings = {
				ASSETCATALOG_COMPILER_APPICON_NAME = AppIcon;
				ASSETCATALOG_COMPILER_GLOBAL_ACCENT_COLOR_NAME = AccentColor;
				CODE_SIGN_STYLE = Automatic;
				INFOPLIST_FILE = "SSL-Pinning-For-URLSession/Global/Info.plist";
				IPHONEOS_DEPLOYMENT_TARGET = 12.1;
				LD_RUNPATH_SEARCH_PATHS = (
					"$(inherited)",
					"@executable_path/Frameworks",
				);
				PRODUCT_BUNDLE_IDENTIFIER = "Sparkout-Tech-Solution.SSL-Pinning-For-URLSession";
				PRODUCT_NAME = "$(TARGET_NAME)";
				SWIFT_VERSION = 5.0;
				TARGETED_DEVICE_FAMILY = 1;
			};
			name = Debug;
		};
		040F60AF2705EC0D00CE09CE /* Release */ = {
			isa = XCBuildConfiguration;
			buildSettings = {
				ASSETCATALOG_COMPILER_APPICON_NAME = AppIcon;
				ASSETCATALOG_COMPILER_GLOBAL_ACCENT_COLOR_NAME = AccentColor;
				CODE_SIGN_STYLE = Automatic;
				INFOPLIST_FILE = "SSL-Pinning-For-URLSession/Global/Info.plist";
				IPHONEOS_DEPLOYMENT_TARGET = 12.1;
				LD_RUNPATH_SEARCH_PATHS = (
					"$(inherited)",
					"@executable_path/Frameworks",
				);
				PRODUCT_BUNDLE_IDENTIFIER = "Sparkout-Tech-Solution.SSL-Pinning-For-URLSession";
				PRODUCT_NAME = "$(TARGET_NAME)";
				SWIFT_VERSION = 5.0;
				TARGETED_DEVICE_FAMILY = 1;
			};
			name = Release;
		};
/* End XCBuildConfiguration section */

/* Begin XCConfigurationList section */
		040F60942705EC0C00CE09CE /* Build configuration list for PBXProject "SSL-Pinning-For-URLSession" */ = {
			isa = XCConfigurationList;
			buildConfigurations = (
				040F60AB2705EC0D00CE09CE /* Debug */,
				040F60AC2705EC0D00CE09CE /* Release */,
			);
			defaultConfigurationIsVisible = 0;
			defaultConfigurationName = Release;
		};
		040F60AD2705EC0D00CE09CE /* Build configuration list for PBXNativeTarget "SSL-Pinning-For-URLSession" */ = {
			isa = XCConfigurationList;
			buildConfigurations = (
				040F60AE2705EC0D00CE09CE /* Debug */,
				040F60AF2705EC0D00CE09CE /* Release */,
			);
			defaultConfigurationIsVisible = 0;
			defaultConfigurationName = Release;
		};
/* End XCConfigurationList section */
	};
	rootObject = 040F60912705EC0C00CE09CE /* Project object */;
}
